
Microsoft Visual Studio Solution File, Format Version 12.00
# Visual Studio Version 17
VisualStudioVersion = 17.2.32519.379
MinimumVisualStudioVersion = 10.0.40219.1
Project("{FAE04EC0-301F-11D3-BF4B-00C04F79EFBC}") = "pryVignoloTp1", "pryVignoloTp1.csproj", "{2CD41E87-3CAB-44F7-A42B-A09DCA0A6771}"
EndProject
Global
	GlobalSection(SolutionConfigurationPlatforms) = preSolution
		Debug|Any CPU = Debug|Any CPU
		Release|Any CPU = Release|Any CPU
	EndGlobalSection
	GlobalSection(ProjectConfigurationPlatforms) = postSolution
		{2CD41E87-3CAB-44F7-A42B-A09DCA0A6771}.Debug|Any CPU.ActiveCfg = Debug|Any CPU
		{2CD41E87-3CAB-44F7-A42B-A09DCA0A6771}.Debug|Any CPU.Build.0 = Debug|Any CPU
		{2CD41E87-3CAB-44F7-A42B-A09DCA0A6771}.Release|Any CPU.ActiveCfg = Release|Any CPU
		{2CD41E87-3CAB-44F7-A42B-A09DCA0A6771}.Release|Any CPU.Build.0 = Release|Any CPU
	EndGlobalSection
	GlobalSection(SolutionProperties) = preSolution
		HideSolutionNode = FALSE
	EndGlobalSection
	GlobalSection(ExtensibilityGlobals) = postSolution
		SolutionGuid = {20FD5CD9-1178-49EA-8E25-F75A5FAC7819}
	EndGlobalSection
EndGlobal
